
Microsoft Visual Studio Solution File, Format Version 12.00
Project("{2150E333-8FDC-42A3-9474-1A3956D46DE8}") = "src", "src", "{827E0CD3-B72D-47B6-A68D-7590B98EB39B}"
EndProject
Project("{FAE04EC0-301F-11D3-BF4B-00C04F79EFBC}") = "Vitacore.Test.Contracts", "src\Vitacore.Test.Contracts\Vitacore.Test.Contracts.csproj", "{44D0D705-5256-4F04-8674-88A8CAECF5BC}"
EndProject
Project("{FAE04EC0-301F-11D3-BF4B-00C04F79EFBC}") = "Vitacore.Test.Core", "src\Vitacore.Test.Core\Vitacore.Test.Core.csproj", "{87879941-7248-497E-BF07-5EBACD13F418}"
EndProject
Project("{FAE04EC0-301F-11D3-BF4B-00C04F79EFBC}") = "Vitacore.Test.Data.Postgres", "src\Vitacore.Test.Data.Postgres\Vitacore.Test.Data.Postgres.csproj", "{235F8FBF-3AF2-4140-AEED-0D5408C8644C}"
EndProject
Project("{FAE04EC0-301F-11D3-BF4B-00C04F79EFBC}") = "Vitacore.Test.Infrastructure", "src\Vitacore.Test.Infrastructure\Vitacore.Test.Infrastructure.csproj", "{27EDAA88-8845-45FE-8CCF-0D50AD739E16}"
EndProject
Project("{FAE04EC0-301F-11D3-BF4B-00C04F79EFBC}") = "Vitacore.Test.Migrator", "src\Vitacore.Test.Migrator\Vitacore.Test.Migrator.csproj", "{397C5B5C-6037-4BA0-91F2-7356B6CED3FA}"
EndProject
Project("{FAE04EC0-301F-11D3-BF4B-00C04F79EFBC}") = "Vitacore.Test.Web", "src\Vitacore.Test.Web\Vitacore.Test.Web.csproj", "{82A852F6-3D32-4C81-8172-D7A2E8B340E0}"
EndProject
Project("{FAE04EC0-301F-11D3-BF4B-00C04F79EFBC}") = "Vitacore.Test.UnitTest", "src\Vitacore.Test.UnitTest\Vitacore.Test.UnitTest.csproj", "{D5238FBC-A6B6-4373-B4D5-F407CF075EB0}"
EndProject
Global
	GlobalSection(SolutionConfigurationPlatforms) = preSolution
		Debug|Any CPU = Debug|Any CPU
		Debug|x64 = Debug|x64
		Debug|x86 = Debug|x86
		Release|Any CPU = Release|Any CPU
		Release|x64 = Release|x64
		Release|x86 = Release|x86
	EndGlobalSection
	GlobalSection(ProjectConfigurationPlatforms) = postSolution
		{44D0D705-5256-4F04-8674-88A8CAECF5BC}.Debug|Any CPU.ActiveCfg = Debug|Any CPU
		{44D0D705-5256-4F04-8674-88A8CAECF5BC}.Debug|Any CPU.Build.0 = Debug|Any CPU
		{44D0D705-5256-4F04-8674-88A8CAECF5BC}.Debug|x64.ActiveCfg = Debug|Any CPU
		{44D0D705-5256-4F04-8674-88A8CAECF5BC}.Debug|x64.Build.0 = Debug|Any CPU
		{44D0D705-5256-4F04-8674-88A8CAECF5BC}.Debug|x86.ActiveCfg = Debug|Any CPU
		{44D0D705-5256-4F04-8674-88A8CAECF5BC}.Debug|x86.Build.0 = Debug|Any CPU
		{44D0D705-5256-4F04-8674-88A8CAECF5BC}.Release|Any CPU.ActiveCfg = Release|Any CPU
		{44D0D705-5256-4F04-8674-88A8CAECF5BC}.Release|Any CPU.Build.0 = Release|Any CPU
		{44D0D705-5256-4F04-8674-88A8CAECF5BC}.Release|x64.ActiveCfg = Release|Any CPU
		{44D0D705-5256-4F04-8674-88A8CAECF5BC}.Release|x64.Build.0 = Release|Any CPU
		{44D0D705-5256-4F04-8674-88A8CAECF5BC}.Release|x86.ActiveCfg = Release|Any CPU
		{44D0D705-5256-4F04-8674-88A8CAECF5BC}.Release|x86.Build.0 = Release|Any CPU
		{87879941-7248-497E-BF07-5EBACD13F418}.Debug|Any CPU.ActiveCfg = Debug|Any CPU
		{87879941-7248-497E-BF07-5EBACD13F418}.Debug|Any CPU.Build.0 = Debug|Any CPU
		{87879941-7248-497E-BF07-5EBACD13F418}.Debug|x64.ActiveCfg = Debug|Any CPU
		{87879941-7248-497E-BF07-5EBACD13F418}.Debug|x64.Build.0 = Debug|Any CPU
		{87879941-7248-497E-BF07-5EBACD13F418}.Debug|x86.ActiveCfg = Debug|Any CPU
		{87879941-7248-497E-BF07-5EBACD13F418}.Debug|x86.Build.0 = Debug|Any CPU
		{87879941-7248-497E-BF07-5EBACD13F418}.Release|Any CPU.ActiveCfg = Release|Any CPU
		{87879941-7248-497E-BF07-5EBACD13F418}.Release|Any CPU.Build.0 = Release|Any CPU
		{87879941-7248-497E-BF07-5EBACD13F418}.Release|x64.ActiveCfg = Release|Any CPU
		{87879941-7248-497E-BF07-5EBACD13F418}.Release|x64.Build.0 = Release|Any CPU
		{87879941-7248-497E-BF07-5EBACD13F418}.Release|x86.ActiveCfg = Release|Any CPU
		{87879941-7248-497E-BF07-5EBACD13F418}.Release|x86.Build.0 = Release|Any CPU
		{235F8FBF-3AF2-4140-AEED-0D5408C8644C}.Debug|Any CPU.ActiveCfg = Debug|Any CPU
		{235F8FBF-3AF2-4140-AEED-0D5408C8644C}.Debug|Any CPU.Build.0 = Debug|Any CPU
		{235F8FBF-3AF2-4140-AEED-0D5408C8644C}.Debug|x64.ActiveCfg = Debug|Any CPU
		{235F8FBF-3AF2-4140-AEED-0D5408C8644C}.Debug|x64.Build.0 = Debug|Any CPU
		{235F8FBF-3AF2-4140-AEED-0D5408C8644C}.Debug|x86.ActiveCfg = Debug|Any CPU
		{235F8FBF-3AF2-4140-AEED-0D5408C8644C}.Debug|x86.Build.0 = Debug|Any CPU
		{235F8FBF-3AF2-4140-AEED-0D5408C8644C}.Release|Any CPU.ActiveCfg = Release|Any CPU
		{235F8FBF-3AF2-4140-AEED-0D5408C8644C}.Release|Any CPU.Build.0 = Release|Any CPU
		{235F8FBF-3AF2-4140-AEED-0D5408C8644C}.Release|x64.ActiveCfg = Release|Any CPU
		{235F8FBF-3AF2-4140-AEED-0D5408C8644C}.Release|x64.Build.0 = Release|Any CPU
		{235F8FBF-3AF2-4140-AEED-0D5408C8644C}.Release|x86.ActiveCfg = Release|Any CPU
		{235F8FBF-3AF2-4140-AEED-0D5408C8644C}.Release|x86.Build.0 = Release|Any CPU
		{27EDAA88-8845-45FE-8CCF-0D50AD739E16}.Debug|Any CPU.ActiveCfg = Debug|Any CPU
		{27EDAA88-8845-45FE-8CCF-0D50AD739E16}.Debug|Any CPU.Build.0 = Debug|Any CPU
		{27EDAA88-8845-45FE-8CCF-0D50AD739E16}.Debug|x64.ActiveCfg = Debug|Any CPU
		{27EDAA88-8845-45FE-8CCF-0D50AD739E16}.Debug|x64.Build.0 = Debug|Any CPU
		{27EDAA88-8845-45FE-8CCF-0D50AD739E16}.Debug|x86.ActiveCfg = Debug|Any CPU
		{27EDAA88-8845-45FE-8CCF-0D50AD739E16}.Debug|x86.Build.0 = Debug|Any CPU
		{27EDAA88-8845-45FE-8CCF-0D50AD739E16}.Release|Any CPU.ActiveCfg = Release|Any CPU
		{27EDAA88-8845-45FE-8CCF-0D50AD739E16}.Release|Any CPU.Build.0 = Release|Any CPU
		{27EDAA88-8845-45FE-8CCF-0D50AD739E16}.Release|x64.ActiveCfg = Release|Any CPU
		{27EDAA88-8845-45FE-8CCF-0D50AD739E16}.Release|x64.Build.0 = Release|Any CPU
		{27EDAA88-8845-45FE-8CCF-0D50AD739E16}.Release|x86.ActiveCfg = Release|Any CPU
		{27EDAA88-8845-45FE-8CCF-0D50AD739E16}.Release|x86.Build.0 = Release|Any CPU
		{397C5B5C-6037-4BA0-91F2-7356B6CED3FA}.Debug|Any CPU.ActiveCfg = Debug|Any CPU
		{397C5B5C-6037-4BA0-91F2-7356B6CED3FA}.Debug|Any CPU.Build.0 = Debug|Any CPU
		{397C5B5C-6037-4BA0-91F2-7356B6CED3FA}.Debug|x64.ActiveCfg = Debug|Any CPU
		{397C5B5C-6037-4BA0-91F2-7356B6CED3FA}.Debug|x64.Build.0 = Debug|Any CPU
		{397C5B5C-6037-4BA0-91F2-7356B6CED3FA}.Debug|x86.ActiveCfg = Debug|Any CPU
		{397C5B5C-6037-4BA0-91F2-7356B6CED3FA}.Debug|x86.Build.0 = Debug|Any CPU
		{397C5B5C-6037-4BA0-91F2-7356B6CED3FA}.Release|Any CPU.ActiveCfg = Release|Any CPU
		{397C5B5C-6037-4BA0-91F2-7356B6CED3FA}.Release|Any CPU.Build.0 = Release|Any CPU
		{397C5B5C-6037-4BA0-91F2-7356B6CED3FA}.Release|x64.ActiveCfg = Release|Any CPU
		{397C5B5C-6037-4BA0-91F2-7356B6CED3FA}.Release|x64.Build.0 = Release|Any CPU
		{397C5B5C-6037-4BA0-91F2-7356B6CED3FA}.Release|x86.ActiveCfg = Release|Any CPU
		{397C5B5C-6037-4BA0-91F2-7356B6CED3FA}.Release|x86.Build.0 = Release|Any CPU
		{82A852F6-3D32-4C81-8172-D7A2E8B340E0}.Debug|Any CPU.ActiveCfg = Debug|Any CPU
		{82A852F6-3D32-4C81-8172-D7A2E8B340E0}.Debug|Any CPU.Build.0 = Debug|Any CPU
		{82A852F6-3D32-4C81-8172-D7A2E8B340E0}.Debug|x64.ActiveCfg = Debug|Any CPU
		{82A852F6-3D32-4C81-8172-D7A2E8B340E0}.Debug|x64.Build.0 = Debug|Any CPU
		{82A852F6-3D32-4C81-8172-D7A2E8B340E0}.Debug|x86.ActiveCfg = Debug|Any CPU
		{82A852F6-3D32-4C81-8172-D7A2E8B340E0}.Debug|x86.Build.0 = Debug|Any CPU
		{82A852F6-3D32-4C81-8172-D7A2E8B340E0}.Release|Any CPU.ActiveCfg = Release|Any CPU
		{82A852F6-3D32-4C81-8172-D7A2E8B340E0}.Release|Any CPU.Build.0 = Release|Any CPU
		{82A852F6-3D32-4C81-8172-D7A2E8B340E0}.Release|x64.ActiveCfg = Release|Any CPU
		{82A852F6-3D32-4C81-8172-D7A2E8B340E0}.Release|x64.Build.0 = Release|Any CPU
		{82A852F6-3D32-4C81-8172-D7A2E8B340E0}.Release|x86.ActiveCfg = Release|Any CPU
		{82A852F6-3D32-4C81-8172-D7A2E8B340E0}.Release|x86.Build.0 = Release|Any CPU
		{D5238FBC-A6B6-4373-B4D5-F407CF075EB0}.Debug|Any CPU.ActiveCfg = Debug|Any CPU
		{D5238FBC-A6B6-4373-B4D5-F407CF075EB0}.Debug|Any CPU.Build.0 = Debug|Any CPU
		{D5238FBC-A6B6-4373-B4D5-F407CF075EB0}.Debug|x64.ActiveCfg = Debug|Any CPU
		{D5238FBC-A6B6-4373-B4D5-F407CF075EB0}.Debug|x64.Build.0 = Debug|Any CPU
		{D5238FBC-A6B6-4373-B4D5-F407CF075EB0}.Debug|x86.ActiveCfg = Debug|Any CPU
		{D5238FBC-A6B6-4373-B4D5-F407CF075EB0}.Debug|x86.Build.0 = Debug|Any CPU
		{D5238FBC-A6B6-4373-B4D5-F407CF075EB0}.Release|Any CPU.ActiveCfg = Release|Any CPU
		{D5238FBC-A6B6-4373-B4D5-F407CF075EB0}.Release|Any CPU.Build.0 = Release|Any CPU
		{D5238FBC-A6B6-4373-B4D5-F407CF075EB0}.Release|x64.ActiveCfg = Release|Any CPU
		{D5238FBC-A6B6-4373-B4D5-F407CF075EB0}.Release|x64.Build.0 = Release|Any CPU
		{D5238FBC-A6B6-4373-B4D5-F407CF075EB0}.Release|x86.ActiveCfg = Release|Any CPU
		{D5238FBC-A6B6-4373-B4D5-F407CF075EB0}.Release|x86.Build.0 = Release|Any CPU
	EndGlobalSection
	GlobalSection(SolutionProperties) = preSolution
		HideSolutionNode = FALSE
	EndGlobalSection
	GlobalSection(NestedProjects) = preSolution
		{44D0D705-5256-4F04-8674-88A8CAECF5BC} = {827E0CD3-B72D-47B6-A68D-7590B98EB39B}
		{87879941-7248-497E-BF07-5EBACD13F418} = {827E0CD3-B72D-47B6-A68D-7590B98EB39B}
		{235F8FBF-3AF2-4140-AEED-0D5408C8644C} = {827E0CD3-B72D-47B6-A68D-7590B98EB39B}
		{27EDAA88-8845-45FE-8CCF-0D50AD739E16} = {827E0CD3-B72D-47B6-A68D-7590B98EB39B}
		{397C5B5C-6037-4BA0-91F2-7356B6CED3FA} = {827E0CD3-B72D-47B6-A68D-7590B98EB39B}
		{82A852F6-3D32-4C81-8172-D7A2E8B340E0} = {827E0CD3-B72D-47B6-A68D-7590B98EB39B}
		{D5238FBC-A6B6-4373-B4D5-F407CF075EB0} = {827E0CD3-B72D-47B6-A68D-7590B98EB39B}
	EndGlobalSection
EndGlobal
